
Microsoft Visual Studio Solution File, Format Version 12.00
# Visual Studio 14
VisualStudioVersion = 14.0.25123.0
MinimumVisualStudioVersion = 10.0.40219.1
Project("{FAE04EC0-301F-11D3-BF4B-00C04F79EFBC}") = "Expresiones", "Expresiones\Expresiones.csproj", "{F7F616D6-0526-498F-9D4C-1508A94BAF25}"
EndProject
Project("{FAE04EC0-301F-11D3-BF4B-00C04F79EFBC}") = "GraficosDeFunciones", "GraficosDeFunciones\GraficosDeFunciones.csproj", "{68990670-59B5-433C-A027-5A9F45C64BA5}"
EndProject
Project("{2150E333-8FDC-42A3-9474-1A3956D46DE8}") = "Solution Items", "Solution Items", "{82EF9A8E-9B58-41B9-AD4D-4AF79F4FB395}"
	ProjectSection(SolutionItems) = preProject
		README.md = README.md
	EndProjectSection
EndProject
Global
	GlobalSection(SolutionConfigurationPlatforms) = preSolution
		Debug|Any CPU = Debug|Any CPU
		Release|Any CPU = Release|Any CPU
	EndGlobalSection
	GlobalSection(ProjectConfigurationPlatforms) = postSolution
		{F7F616D6-0526-498F-9D4C-1508A94BAF25}.Debug|Any CPU.ActiveCfg = Debug|Any CPU
		{F7F616D6-0526-498F-9D4C-1508A94BAF25}.Debug|Any CPU.Build.0 = Debug|Any CPU
		{F7F616D6-0526-498F-9D4C-1508A94BAF25}.Release|Any CPU.ActiveCfg = Release|Any CPU
		{F7F616D6-0526-498F-9D4C-1508A94BAF25}.Release|Any CPU.Build.0 = Release|Any CPU
		{68990670-59B5-433C-A027-5A9F45C64BA5}.Debug|Any CPU.ActiveCfg = Debug|Any CPU
		{68990670-59B5-433C-A027-5A9F45C64BA5}.Debug|Any CPU.Build.0 = Debug|Any CPU
		{68990670-59B5-433C-A027-5A9F45C64BA5}.Release|Any CPU.ActiveCfg = Release|Any CPU
		{68990670-59B5-433C-A027-5A9F45C64BA5}.Release|Any CPU.Build.0 = Release|Any CPU
	EndGlobalSection
	GlobalSection(SolutionProperties) = preSolution
		HideSolutionNode = FALSE
	EndGlobalSection
EndGlobal
